
Microsoft Visual Studio Solution File, Format Version 12.00
# Visual Studio Version 17
VisualStudioVersion = 17.3.32811.315
MinimumVisualStudioVersion = 10.0.40219.1
Project("{FAE04EC0-301F-11D3-BF4B-00C04F79EFBC}") = "googleProject", "googleProject.csproj", "{093DF33C-3F5C-4B2B-ACFA-BFA65D0A7240}"
EndProject
Global
	GlobalSection(SolutionConfigurationPlatforms) = preSolution
		Debug|Any CPU = Debug|Any CPU
		Release|Any CPU = Release|Any CPU
	EndGlobalSection
	GlobalSection(ProjectConfigurationPlatforms) = postSolution
		{093DF33C-3F5C-4B2B-ACFA-BFA65D0A7240}.Debug|Any CPU.ActiveCfg = Debug|Any CPU
		{093DF33C-3F5C-4B2B-ACFA-BFA65D0A7240}.Debug|Any CPU.Build.0 = Debug|Any CPU
		{093DF33C-3F5C-4B2B-ACFA-BFA65D0A7240}.Release|Any CPU.ActiveCfg = Release|Any CPU
		{093DF33C-3F5C-4B2B-ACFA-BFA65D0A7240}.Release|Any CPU.Build.0 = Release|Any CPU
	EndGlobalSection
	GlobalSection(SolutionProperties) = preSolution
		HideSolutionNode = FALSE
	EndGlobalSection
	GlobalSection(ExtensibilityGlobals) = postSolution
		SolutionGuid = {D86FD76F-C7E7-450E-BE7D-CBB037529A3E}
	EndGlobalSection
EndGlobal
